// !$*UTF8*$!
{
	archiveVersion = 1;
	classes = {
	};
	objectVersion = 51;
	objects = {

/* Begin PBXBuildFile section */
		3F662ADB2406ED3900BB7EF0 /* AppDelegate.swift in Sources */ = {isa = PBXBuildFile; fileRef = 3F662ADA2406ED3900BB7EF0 /* AppDelegate.swift */; };
		3F662ADD2406ED3900BB7EF0 /* SceneDelegate.swift in Sources */ = {isa = PBXBuildFile; fileRef = 3F662ADC2406ED3900BB7EF0 /* SceneDelegate.swift */; };
		3F662ADF2406ED3900BB7EF0 /* SignIn.swift in Sources */ = {isa = PBXBuildFile; fileRef = 3F662ADE2406ED3900BB7EF0 /* SignIn.swift */; };
		3F662AE22406ED3900BB7EF0 /* Main.storyboard in Resources */ = {isa = PBXBuildFile; fileRef = 3F662AE02406ED3900BB7EF0 /* Main.storyboard */; };
		3F662AE42406ED3D00BB7EF0 /* Assets.xcassets in Resources */ = {isa = PBXBuildFile; fileRef = 3F662AE32406ED3D00BB7EF0 /* Assets.xcassets */; };
		3F662AE72406ED3D00BB7EF0 /* LaunchScreen.storyboard in Resources */ = {isa = PBXBuildFile; fileRef = 3F662AE52406ED3D00BB7EF0 /* LaunchScreen.storyboard */; };
		3F662B0F2406FD9E00BB7EF0 /* LoggedInViewController.swift in Sources */ = {isa = PBXBuildFile; fileRef = 3F662B0E2406FD9E00BB7EF0 /* LoggedInViewController.swift */; };
		3F662B112407065800BB7EF0 /* Extensions.swift in Sources */ = {isa = PBXBuildFile; fileRef = 3F662B102407065800BB7EF0 /* Extensions.swift */; };
		3F662B1C2407399F00BB7EF0 /* CFNetwork.framework in Frameworks */ = {isa = PBXBuildFile; fileRef = 3F662B1B2407399F00BB7EF0 /* CFNetwork.framework */; };
		3F662B1E240739B100BB7EF0 /* CoreLocation.framework in Frameworks */ = {isa = PBXBuildFile; fileRef = 3F662B1D240739B100BB7EF0 /* CoreLocation.framework */; };
		3F662B20240739C500BB7EF0 /* CoreGraphics.framework in Frameworks */ = {isa = PBXBuildFile; fileRef = 3F662B1F240739C400BB7EF0 /* CoreGraphics.framework */; };
		3F662B22240739D400BB7EF0 /* QuartzCore.framework in Frameworks */ = {isa = PBXBuildFile; fileRef = 3F662B21240739D400BB7EF0 /* QuartzCore.framework */; settings = {ATTRIBUTES = (Required, ); }; };
		3F662B24240739E700BB7EF0 /* Security.framework in Frameworks */ = {isa = PBXBuildFile; fileRef = 3F662B23240739E700BB7EF0 /* Security.framework */; };
		3F662B26240739EF00BB7EF0 /* StoreKit.framework in Frameworks */ = {isa = PBXBuildFile; fileRef = 3F662B25240739EF00BB7EF0 /* StoreKit.framework */; };
		3F662B28240739FD00BB7EF0 /* SystemConfiguration.framework in Frameworks */ = {isa = PBXBuildFile; fileRef = 3F662B27240739FD00BB7EF0 /* SystemConfiguration.framework */; };
		3F662B2B240747AF00BB7EF0 /* AudioToolbox.framework in Frameworks */ = {isa = PBXBuildFile; fileRef = 3F662B192407398B00BB7EF0 /* AudioToolbox.framework */; };
		3F662B432408267500BB7EF0 /* EventCell.swift in Sources */ = {isa = PBXBuildFile; fileRef = 3F662B422408267500BB7EF0 /* EventCell.swift */; };
		3F662B49240854CA00BB7EF0 /* EventsTableViewController.swift in Sources */ = {isa = PBXBuildFile; fileRef = 3F662B48240854CA00BB7EF0 /* EventsTableViewController.swift */; };
		3F662B7C240893DB00BB7EF0 /* ParseUI.framework in Frameworks */ = {isa = PBXBuildFile; fileRef = 3F662B7A240893D800BB7EF0 /* ParseUI.framework */; };
		3F662B7D240893DB00BB7EF0 /* Parse.framework in Frameworks */ = {isa = PBXBuildFile; fileRef = 3F662B7B240893DB00BB7EF0 /* Parse.framework */; };
		3F662B7F240899BC00BB7EF0 /* SignUpViewController.swift in Sources */ = {isa = PBXBuildFile; fileRef = 3F662B7E240899BC00BB7EF0 /* SignUpViewController.swift */; };
		3F662B852408D2A200BB7EF0 /* AdEventViewController.swift in Sources */ = {isa = PBXBuildFile; fileRef = 3F662B842408D2A200BB7EF0 /* AdEventViewController.swift */; };
		3F662B872409C36700BB7EF0 /* EventsDisplay.swift in Sources */ = {isa = PBXBuildFile; fileRef = 3F662B862409C36700BB7EF0 /* EventsDisplay.swift */; };
		3F662B892409C38000BB7EF0 /* NWEventTableViewController.swift in Sources */ = {isa = PBXBuildFile; fileRef = 3F662B882409C38000BB7EF0 /* NWEventTableViewController.swift */; };
		DC15C8FA07DB720E9BA5B71D /* Pods_EventsApp.framework in Frameworks */ = {isa = PBXBuildFile; fileRef = 57F9F8CB8E3BA4C486CCF759 /* Pods_EventsApp.framework */; };
/* End PBXBuildFile section */

/* Begin PBXFileReference section */
		3D86683856F5398523EA6C97 /* Pods-EventsApp.debug.xcconfig */ = {isa = PBXFileReference; includeInIndex = 1; lastKnownFileType = text.xcconfig; name = "Pods-EventsApp.debug.xcconfig"; path = "Target Support Files/Pods-EventsApp/Pods-EventsApp.debug.xcconfig"; sourceTree = "<group>"; };
		3F662AD72406ED3900BB7EF0 /* EventsApp.app */ = {isa = PBXFileReference; explicitFileType = wrapper.application; includeInIndex = 0; path = EventsApp.app; sourceTree = BUILT_PRODUCTS_DIR; };
		3F662ADA2406ED3900BB7EF0 /* AppDelegate.swift */ = {isa = PBXFileReference; lastKnownFileType = sourcecode.swift; path = AppDelegate.swift; sourceTree = "<group>"; };
		3F662ADC2406ED3900BB7EF0 /* SceneDelegate.swift */ = {isa = PBXFileReference; lastKnownFileType = sourcecode.swift; path = SceneDelegate.swift; sourceTree = "<group>"; };
		3F662ADE2406ED3900BB7EF0 /* SignIn.swift */ = {isa = PBXFileReference; lastKnownFileType = sourcecode.swift; path = SignIn.swift; sourceTree = "<group>"; };
		3F662AE12406ED3900BB7EF0 /* Base */ = {isa = PBXFileReference; lastKnownFileType = file.storyboard; name = Base; path = Base.lproj/Main.storyboard; sourceTree = "<group>"; };
		3F662AE32406ED3D00BB7EF0 /* Assets.xcassets */ = {isa = PBXFileReference; lastKnownFileType = folder.assetcatalog; path = Assets.xcassets; sourceTree = "<group>"; };
		3F662AE62406ED3D00BB7EF0 /* Base */ = {isa = PBXFileReference; lastKnownFileType = file.storyboard; name = Base; path = Base.lproj/LaunchScreen.storyboard; sourceTree = "<group>"; };
		3F662AE82406ED3D00BB7EF0 /* Info.plist */ = {isa = PBXFileReference; lastKnownFileType = text.plist.xml; path = Info.plist; sourceTree = "<group>"; };
		3F662B0E2406FD9E00BB7EF0 /* LoggedInViewController.swift */ = {isa = PBXFileReference; lastKnownFileType = sourcecode.swift; path = LoggedInViewController.swift; sourceTree = "<group>"; };
		3F662B102407065800BB7EF0 /* Extensions.swift */ = {isa = PBXFileReference; lastKnownFileType = sourcecode.swift; path = Extensions.swift; sourceTree = "<group>"; };
		3F662B192407398B00BB7EF0 /* AudioToolbox.framework */ = {isa = PBXFileReference; lastKnownFileType = wrapper.framework; name = AudioToolbox.framework; path = System/Library/Frameworks/AudioToolbox.framework; sourceTree = SDKROOT; };
		3F662B1B2407399F00BB7EF0 /* CFNetwork.framework */ = {isa = PBXFileReference; lastKnownFileType = wrapper.framework; name = CFNetwork.framework; path = System/Library/Frameworks/CFNetwork.framework; sourceTree = SDKROOT; };
		3F662B1D240739B100BB7EF0 /* CoreLocation.framework */ = {isa = PBXFileReference; lastKnownFileType = wrapper.framework; name = CoreLocation.framework; path = System/Library/Frameworks/CoreLocation.framework; sourceTree = SDKROOT; };
		3F662B1F240739C400BB7EF0 /* CoreGraphics.framework */ = {isa = PBXFileReference; lastKnownFileType = wrapper.framework; name = CoreGraphics.framework; path = System/Library/Frameworks/CoreGraphics.framework; sourceTree = SDKROOT; };
		3F662B21240739D400BB7EF0 /* QuartzCore.framework */ = {isa = PBXFileReference; lastKnownFileType = wrapper.framework; name = QuartzCore.framework; path = System/Library/Frameworks/QuartzCore.framework; sourceTree = SDKROOT; };
		3F662B23240739E700BB7EF0 /* Security.framework */ = {isa = PBXFileReference; lastKnownFileType = wrapper.framework; name = Security.framework; path = System/Library/Frameworks/Security.framework; sourceTree = SDKROOT; };
		3F662B25240739EF00BB7EF0 /* StoreKit.framework */ = {isa = PBXFileReference; lastKnownFileType = wrapper.framework; name = StoreKit.framework; path = System/Library/Frameworks/StoreKit.framework; sourceTree = SDKROOT; };
		3F662B27240739FD00BB7EF0 /* SystemConfiguration.framework */ = {isa = PBXFileReference; lastKnownFileType = wrapper.framework; name = SystemConfiguration.framework; path = System/Library/Frameworks/SystemConfiguration.framework; sourceTree = SDKROOT; };
		3F662B2924073A1300BB7EF0 /* libz.tbd */ = {isa = PBXFileReference; lastKnownFileType = "sourcecode.text-based-dylib-definition"; name = libz.tbd; path = usr/lib/libz.tbd; sourceTree = SDKROOT; };
		3F662B2A24073A3400BB7EF0 /* libsqlite3.tbd */ = {isa = PBXFileReference; lastKnownFileType = "sourcecode.text-based-dylib-definition"; name = libsqlite3.tbd; path = usr/lib/libsqlite3.tbd; sourceTree = SDKROOT; };
		3F662B422408267500BB7EF0 /* EventCell.swift */ = {isa = PBXFileReference; lastKnownFileType = sourcecode.swift; path = EventCell.swift; sourceTree = "<group>"; };
		3F662B48240854CA00BB7EF0 /* EventsTableViewController.swift */ = {isa = PBXFileReference; lastKnownFileType = sourcecode.swift; path = EventsTableViewController.swift; sourceTree = "<group>"; };
		3F662B7A240893D800BB7EF0 /* ParseUI.framework */ = {isa = PBXFileReference; lastKnownFileType = wrapper.framework; path = ParseUI.framework; sourceTree = "<group>"; };
		3F662B7B240893DB00BB7EF0 /* Parse.framework */ = {isa = PBXFileReference; lastKnownFileType = wrapper.framework; path = Parse.framework; sourceTree = "<group>"; };
		3F662B7E240899BC00BB7EF0 /* SignUpViewController.swift */ = {isa = PBXFileReference; lastKnownFileType = sourcecode.swift; path = SignUpViewController.swift; sourceTree = "<group>"; };
		3F662B842408D2A200BB7EF0 /* AdEventViewController.swift */ = {isa = PBXFileReference; lastKnownFileType = sourcecode.swift; path = AdEventViewController.swift; sourceTree = "<group>"; };
		3F662B862409C36700BB7EF0 /* EventsDisplay.swift */ = {isa = PBXFileReference; fileEncoding = 4; lastKnownFileType = sourcecode.swift; path = EventsDisplay.swift; sourceTree = "<group>"; };
		3F662B882409C38000BB7EF0 /* NWEventTableViewController.swift */ = {isa = PBXFileReference; fileEncoding = 4; lastKnownFileType = sourcecode.swift; path = NWEventTableViewController.swift; sourceTree = "<group>"; };
		57F9F8CB8E3BA4C486CCF759 /* Pods_EventsApp.framework */ = {isa = PBXFileReference; explicitFileType = wrapper.framework; includeInIndex = 0; path = Pods_EventsApp.framework; sourceTree = BUILT_PRODUCTS_DIR; };
		E54FC099C4B77A84C1952F19 /* Pods-EventsApp.release.xcconfig */ = {isa = PBXFileReference; includeInIndex = 1; lastKnownFileType = text.xcconfig; name = "Pods-EventsApp.release.xcconfig"; path = "Target Support Files/Pods-EventsApp/Pods-EventsApp.release.xcconfig"; sourceTree = "<group>"; };
/* End PBXFileReference section */

/* Begin PBXFrameworksBuildPhase section */
		3F662AD42406ED3900BB7EF0 /* Frameworks */ = {
			isa = PBXFrameworksBuildPhase;
			buildActionMask = 2147483647;
			files = (
				3F662B22240739D400BB7EF0 /* QuartzCore.framework in Frameworks */,
				3F662B1E240739B100BB7EF0 /* CoreLocation.framework in Frameworks */,
				3F662B7C240893DB00BB7EF0 /* ParseUI.framework in Frameworks */,
				DC15C8FA07DB720E9BA5B71D /* Pods_EventsApp.framework in Frameworks */,
				3F662B2B240747AF00BB7EF0 /* AudioToolbox.framework in Frameworks */,
				3F662B20240739C500BB7EF0 /* CoreGraphics.framework in Frameworks */,
				3F662B7D240893DB00BB7EF0 /* Parse.framework in Frameworks */,
				3F662B28240739FD00BB7EF0 /* SystemConfiguration.framework in Frameworks */,
				3F662B26240739EF00BB7EF0 /* StoreKit.framework in Frameworks */,
				3F662B24240739E700BB7EF0 /* Security.framework in Frameworks */,
				3F662B1C2407399F00BB7EF0 /* CFNetwork.framework in Frameworks */,
			);
			runOnlyForDeploymentPostprocessing = 0;
		};
/* End PBXFrameworksBuildPhase section */

/* Begin PBXGroup section */
		160738D5A5287E73EE508C17 /* Pods */ = {
			isa = PBXGroup;
			children = (
				3D86683856F5398523EA6C97 /* Pods-EventsApp.debug.xcconfig */,
				E54FC099C4B77A84C1952F19 /* Pods-EventsApp.release.xcconfig */,
			);
			path = Pods;
			sourceTree = "<group>";
		};
		3F662ACE2406ED3800BB7EF0 = {
			isa = PBXGroup;
			children = (
				3F662AD92406ED3900BB7EF0 /* EventsApp */,
				3F662AD82406ED3900BB7EF0 /* Products */,
				160738D5A5287E73EE508C17 /* Pods */,
				4056A6FF5E00F439991168C0 /* Frameworks */,
			);
			sourceTree = "<group>";
		};
		3F662AD82406ED3900BB7EF0 /* Products */ = {
			isa = PBXGroup;
			children = (
				3F662AD72406ED3900BB7EF0 /* EventsApp.app */,
			);
			name = Products;
			sourceTree = "<group>";
		};
		3F662AD92406ED3900BB7EF0 /* EventsApp */ = {
			isa = PBXGroup;
			children = (
				3F662ADA2406ED3900BB7EF0 /* AppDelegate.swift */,
				3F662ADC2406ED3900BB7EF0 /* SceneDelegate.swift */,
				3F662ADE2406ED3900BB7EF0 /* SignIn.swift */,
				3F662B7B240893DB00BB7EF0 /* Parse.framework */,
				3F662B7A240893D800BB7EF0 /* ParseUI.framework */,
				3F662AE02406ED3900BB7EF0 /* Main.storyboard */,
				3F662AE32406ED3D00BB7EF0 /* Assets.xcassets */,
				3F662AE52406ED3D00BB7EF0 /* LaunchScreen.storyboard */,
				3F662B48240854CA00BB7EF0 /* EventsTableViewController.swift */,
				3F662B422408267500BB7EF0 /* EventCell.swift */,
				3F662AE82406ED3D00BB7EF0 /* Info.plist */,
				3F662B882409C38000BB7EF0 /* NWEventTableViewController.swift */,
				3F662B0E2406FD9E00BB7EF0 /* LoggedInViewController.swift */,
				3F662B862409C36700BB7EF0 /* EventsDisplay.swift */,
				3F662B102407065800BB7EF0 /* Extensions.swift */,
				3F662B7E240899BC00BB7EF0 /* SignUpViewController.swift */,
				3F662B842408D2A200BB7EF0 /* AdEventViewController.swift */,
			);
			path = EventsApp;
			sourceTree = "<group>";
		};
		4056A6FF5E00F439991168C0 /* Frameworks */ = {
			isa = PBXGroup;
			children = (
				3F662B2A24073A3400BB7EF0 /* libsqlite3.tbd */,
				3F662B2924073A1300BB7EF0 /* libz.tbd */,
				3F662B27240739FD00BB7EF0 /* SystemConfiguration.framework */,
				3F662B25240739EF00BB7EF0 /* StoreKit.framework */,
				3F662B23240739E700BB7EF0 /* Security.framework */,
				3F662B21240739D400BB7EF0 /* QuartzCore.framework */,
				3F662B1F240739C400BB7EF0 /* CoreGraphics.framework */,
				3F662B1D240739B100BB7EF0 /* CoreLocation.framework */,
				3F662B1B2407399F00BB7EF0 /* CFNetwork.framework */,
				3F662B192407398B00BB7EF0 /* AudioToolbox.framework */,
				57F9F8CB8E3BA4C486CCF759 /* Pods_EventsApp.framework */,
			);
			name = Frameworks;
			sourceTree = "<group>";
		};
/* End PBXGroup section */

/* Begin PBXNativeTarget section */
		3F662AD62406ED3900BB7EF0 /* EventsApp */ = {
			isa = PBXNativeTarget;
			buildConfigurationList = 3F662AEB2406ED3D00BB7EF0 /* Build configuration list for PBXNativeTarget "EventsApp" */;
			buildPhases = (
				A87880805C027E7787315BCE /* [CP] Check Pods Manifest.lock */,
				3F662AD32406ED3900BB7EF0 /* Sources */,
				3F662AD42406ED3900BB7EF0 /* Frameworks */,
				3F662AD52406ED3900BB7EF0 /* Resources */,
				43B8876F048544C8DE3AC780 /* [CP] Embed Pods Frameworks */,
			);
			buildRules = (
			);
			dependencies = (
			);
			name = EventsApp;
			productName = EventsApp;
			productReference = 3F662AD72406ED3900BB7EF0 /* EventsApp.app */;
			productType = "com.apple.product-type.application";
		};
/* End PBXNativeTarget section */

/* Begin PBXProject section */
		3F662ACF2406ED3800BB7EF0 /* Project object */ = {
			isa = PBXProject;
			attributes = {
				LastSwiftUpdateCheck = 1130;
				LastUpgradeCheck = 1130;
				ORGANIZATIONNAME = Student;
				TargetAttributes = {
					3F662AD62406ED3900BB7EF0 = {
						CreatedOnToolsVersion = 11.3.1;
					};
				};
			};
			buildConfigurationList = 3F662AD22406ED3800BB7EF0 /* Build configuration list for PBXProject "EventsApp" */;
			compatibilityVersion = "Xcode 9.3";
			developmentRegion = en;
			hasScannedForEncodings = 0;
			knownRegions = (
				en,
				Base,
			);
			mainGroup = 3F662ACE2406ED3800BB7EF0;
			productRefGroup = 3F662AD82406ED3900BB7EF0 /* Products */;
			projectDirPath = "";
			projectRoot = "";
			targets = (
				3F662AD62406ED3900BB7EF0 /* EventsApp */,
			);
		};
/* End PBXProject section */

/* Begin PBXResourcesBuildPhase section */
		3F662AD52406ED3900BB7EF0 /* Resources */ = {
			isa = PBXResourcesBuildPhase;
			buildActionMask = 2147483647;
			files = (
				3F662AE72406ED3D00BB7EF0 /* LaunchScreen.storyboard in Resources */,
				3F662AE42406ED3D00BB7EF0 /* Assets.xcassets in Resources */,
				3F662AE22406ED3900BB7EF0 /* Main.storyboard in Resources */,
			);
			runOnlyForDeploymentPostprocessing = 0;
		};
/* End PBXResourcesBuildPhase section */

/* Begin PBXShellScriptBuildPhase section */
		43B8876F048544C8DE3AC780 /* [CP] Embed Pods Frameworks */ = {
			isa = PBXShellScriptBuildPhase;
			buildActionMask = 2147483647;
			files = (
			);
			inputFileListPaths = (
				"${PODS_ROOT}/Target Support Files/Pods-EventsApp/Pods-EventsApp-frameworks-${CONFIGURATION}-input-files.xcfilelist",
			);
			name = "[CP] Embed Pods Frameworks";
			outputFileListPaths = (
				"${PODS_ROOT}/Target Support Files/Pods-EventsApp/Pods-EventsApp-frameworks-${CONFIGURATION}-output-files.xcfilelist",
			);
			runOnlyForDeploymentPostprocessing = 0;
			shellPath = /bin/sh;
			shellScript = "\"${PODS_ROOT}/Target Support Files/Pods-EventsApp/Pods-EventsApp-frameworks.sh\"\n";
			showEnvVarsInLog = 0;
		};
		A87880805C027E7787315BCE /* [CP] Check Pods Manifest.lock */ = {
			isa = PBXShellScriptBuildPhase;
			buildActionMask = 2147483647;
			files = (
			);
			inputFileListPaths = (
			);
			inputPaths = (
				"${PODS_PODFILE_DIR_PATH}/Podfile.lock",
				"${PODS_ROOT}/Manifest.lock",
			);
			name = "[CP] Check Pods Manifest.lock";
			outputFileListPaths = (
			);
			outputPaths = (
				"$(DERIVED_FILE_DIR)/Pods-EventsApp-checkManifestLockResult.txt",
			);
			runOnlyForDeploymentPostprocessing = 0;
			shellPath = /bin/sh;
			shellScript = "diff \"${PODS_PODFILE_DIR_PATH}/Podfile.lock\" \"${PODS_ROOT}/Manifest.lock\" > /dev/null\nif [ $? != 0 ] ; then\n    # print error to STDERR\n    echo \"error: The sandbox is not in sync with the Podfile.lock. Run 'pod install' or update your CocoaPods installation.\" >&2\n    exit 1\nfi\n# This output is used by Xcode 'outputs' to avoid re-running this script phase.\necho \"SUCCESS\" > \"${SCRIPT_OUTPUT_FILE_0}\"\n";
			showEnvVarsInLog = 0;
		};
/* End PBXShellScriptBuildPhase section */

/* Begin PBXSourcesBuildPhase section */
		3F662AD32406ED3900BB7EF0 /* Sources */ = {
			isa = PBXSourcesBuildPhase;
			buildActionMask = 2147483647;
			files = (
				3F662B892409C38000BB7EF0 /* NWEventTableViewController.swift in Sources */,
				3F662B112407065800BB7EF0 /* Extensions.swift in Sources */,
				3F662B49240854CA00BB7EF0 /* EventsTableViewController.swift in Sources */,
				3F662B7F240899BC00BB7EF0 /* SignUpViewController.swift in Sources */,
				3F662ADF2406ED3900BB7EF0 /* SignIn.swift in Sources */,
				3F662ADB2406ED3900BB7EF0 /* AppDelegate.swift in Sources */,
				3F662B852408D2A200BB7EF0 /* AdEventViewController.swift in Sources */,
				3F662ADD2406ED3900BB7EF0 /* SceneDelegate.swift in Sources */,
				3F662B0F2406FD9E00BB7EF0 /* LoggedInViewController.swift in Sources */,
				3F662B432408267500BB7EF0 /* EventCell.swift in Sources */,
				3F662B872409C36700BB7EF0 /* EventsDisplay.swift in Sources */,
			);
			runOnlyForDeploymentPostprocessing = 0;
		};
/* End PBXSourcesBuildPhase section */

/* Begin PBXVariantGroup section */
		3F662AE02406ED3900BB7EF0 /* Main.storyboard */ = {
			isa = PBXVariantGroup;
			children = (
				3F662AE12406ED3900BB7EF0 /* Base */,
			);
			name = Main.storyboard;
			sourceTree = "<group>";
		};
		3F662AE52406ED3D00BB7EF0 /* LaunchScreen.storyboard */ = {
			isa = PBXVariantGroup;
			children = (
				3F662AE62406ED3D00BB7EF0 /* Base */,
			);
			name = LaunchScreen.storyboard;
			sourceTree = "<group>";
		};
/* End PBXVariantGroup section */

/* Begin XCBuildConfiguration section */
		3F662AE92406ED3D00BB7EF0 /* Debug */ = {
			isa = XCBuildConfiguration;
			buildSettings = {
				ALWAYS_SEARCH_USER_PATHS = NO;
				CLANG_ANALYZER_NONNULL = YES;
				CLANG_ANALYZER_NUMBER_OBJECT_CONVERSION = YES_AGGRESSIVE;
				CLANG_CXX_LANGUAGE_STANDARD = "gnu++14";
				CLANG_CXX_LIBRARY = "libc++";
				CLANG_ENABLE_MODULES = YES;
				CLANG_ENABLE_OBJC_ARC = YES;
				CLANG_ENABLE_OBJC_WEAK = YES;
				CLANG_WARN_BLOCK_CAPTURE_AUTORELEASING = YES;
				CLANG_WARN_BOOL_CONVERSION = YES;
				CLANG_WARN_COMMA = YES;
				CLANG_WARN_CONSTANT_CONVERSION = YES;
				CLANG_WARN_DEPRECATED_OBJC_IMPLEMENTATIONS = YES;
				CLANG_WARN_DIRECT_OBJC_ISA_USAGE = YES_ERROR;
				CLANG_WARN_DOCUMENTATION_COMMENTS = YES;
				CLANG_WARN_EMPTY_BODY = YES;
				CLANG_WARN_ENUM_CONVERSION = YES;
				CLANG_WARN_INFINITE_RECURSION = YES;
				CLANG_WARN_INT_CONVERSION = YES;
				CLANG_WARN_NON_LITERAL_NULL_CONVERSION = YES;
				CLANG_WARN_OBJC_IMPLICIT_RETAIN_SELF = YES;
				CLANG_WARN_OBJC_LITERAL_CONVERSION = YES;
				CLANG_WARN_OBJC_ROOT_CLASS = YES_ERROR;
				CLANG_WARN_RANGE_LOOP_ANALYSIS = YES;
				CLANG_WARN_STRICT_PROTOTYPES = YES;
				CLANG_WARN_SUSPICIOUS_MOVE = YES;
				CLANG_WARN_UNGUARDED_AVAILABILITY = YES_AGGRESSIVE;
				CLANG_WARN_UNREACHABLE_CODE = YES;
				CLANG_WARN__DUPLICATE_METHOD_MATCH = YES;
				COPY_PHASE_STRIP = NO;
				DEBUG_INFORMATION_FORMAT = dwarf;
				ENABLE_STRICT_OBJC_MSGSEND = YES;
				ENABLE_TESTABILITY = YES;
				GCC_C_LANGUAGE_STANDARD = gnu11;
				GCC_DYNAMIC_NO_PIC = NO;
				GCC_NO_COMMON_BLOCKS = YES;
				GCC_OPTIMIZATION_LEVEL = 0;
				GCC_PREPROCESSOR_DEFINITIONS = (
					"DEBUG=1",
					"$(inherited)",
				);
				GCC_WARN_64_TO_32_BIT_CONVERSION = YES;
				GCC_WARN_ABOUT_RETURN_TYPE = YES_ERROR;
				GCC_WARN_UNDECLARED_SELECTOR = YES;
				GCC_WARN_UNINITIALIZED_AUTOS = YES_AGGRESSIVE;
				GCC_WARN_UNUSED_FUNCTION = YES;
				GCC_WARN_UNUSED_VARIABLE = YES;
				IPHONEOS_DEPLOYMENT_TARGET = 13.2;
				MTL_ENABLE_DEBUG_INFO = INCLUDE_SOURCE;
				MTL_FAST_MATH = YES;
				ONLY_ACTIVE_ARCH = YES;
				SDKROOT = iphoneos;
				SWIFT_ACTIVE_COMPILATION_CONDITIONS = DEBUG;
				SWIFT_OPTIMIZATION_LEVEL = "-Onone";
			};
			name = Debug;
		};
		3F662AEA2406ED3D00BB7EF0 /* Release */ = {
			isa = XCBuildConfiguration;
			buildSettings = {
				ALWAYS_SEARCH_USER_PATHS = NO;
				CLANG_ANALYZER_NONNULL = YES;
				CLANG_ANALYZER_NUMBER_OBJECT_CONVERSION = YES_AGGRESSIVE;
				CLANG_CXX_LANGUAGE_STANDARD = "gnu++14";
				CLANG_CXX_LIBRARY = "libc++";
				CLANG_ENABLE_MODULES = YES;
				CLANG_ENABLE_OBJC_ARC = YES;
				CLANG_ENABLE_OBJC_WEAK = YES;
				CLANG_WARN_BLOCK_CAPTURE_AUTORELEASING = YES;
				CLANG_WARN_BOOL_CONVERSION = YES;
				CLANG_WARN_COMMA = YES;
				CLANG_WARN_CONSTANT_CONVERSION = YES;
				CLANG_WARN_DEPRECATED_OBJC_IMPLEMENTATIONS = YES;
				CLANG_WARN_DIRECT_OBJC_ISA_USAGE = YES_ERROR;
				CLANG_WARN_DOCUMENTATION_COMMENTS = YES;
				CLANG_WARN_EMPTY_BODY = YES;
				CLANG_WARN_ENUM_CONVERSION = YES;
				CLANG_WARN_INFINITE_RECURSION = YES;
				CLANG_WARN_INT_CONVERSION = YES;
				CLANG_WARN_NON_LITERAL_NULL_CONVERSION = YES;
				CLANG_WARN_OBJC_IMPLICIT_RETAIN_SELF = YES;
				CLANG_WARN_OBJC_LITERAL_CONVERSION = YES;
				CLANG_WARN_OBJC_ROOT_CLASS = YES_ERROR;
				CLANG_WARN_RANGE_LOOP_ANALYSIS = YES;
				CLANG_WARN_STRICT_PROTOTYPES = YES;
				CLANG_WARN_SUSPICIOUS_MOVE = YES;
				CLANG_WARN_UNGUARDED_AVAILABILITY = YES_AGGRESSIVE;
				CLANG_WARN_UNREACHABLE_CODE = YES;
				CLANG_WARN__DUPLICATE_METHOD_MATCH = YES;
				COPY_PHASE_STRIP = NO;
				DEBUG_INFORMATION_FORMAT = "dwarf-with-dsym";
				ENABLE_NS_ASSERTIONS = NO;
				ENABLE_STRICT_OBJC_MSGSEND = YES;
				GCC_C_LANGUAGE_STANDARD = gnu11;
				GCC_NO_COMMON_BLOCKS = YES;
				GCC_WARN_64_TO_32_BIT_CONVERSION = YES;
				GCC_WARN_ABOUT_RETURN_TYPE = YES_ERROR;
				GCC_WARN_UNDECLARED_SELECTOR = YES;
				GCC_WARN_UNINITIALIZED_AUTOS = YES_AGGRESSIVE;
				GCC_WARN_UNUSED_FUNCTION = YES;
				GCC_WARN_UNUSED_VARIABLE = YES;
				IPHONEOS_DEPLOYMENT_TARGET = 13.2;
				MTL_ENABLE_DEBUG_INFO = NO;
				MTL_FAST_MATH = YES;
				SDKROOT = iphoneos;
				SWIFT_COMPILATION_MODE = wholemodule;
				SWIFT_OPTIMIZATION_LEVEL = "-O";
				VALIDATE_PRODUCT = YES;
			};
			name = Release;
		};
		3F662AEC2406ED3D00BB7EF0 /* Debug */ = {
			isa = XCBuildConfiguration;
			baseConfigurationReference = 3D86683856F5398523EA6C97 /* Pods-EventsApp.debug.xcconfig */;
			buildSettings = {
				ASSETCATALOG_COMPILER_APPICON_NAME = AppIcon;
				CLANG_ALLOW_NON_MODULAR_INCLUDES_IN_FRAMEWORK_MODULES = YES;
				CODE_SIGN_STYLE = Automatic;
				DEVELOPMENT_TEAM = 82FBM4F3DP;
				FRAMEWORK_SEARCH_PATHS = (
					"$(inherited)",
					"$(PROJECT_DIR)/EventsApp",
				);
				INFOPLIST_FILE = EventsApp/Info.plist;
				IPHONEOS_DEPLOYMENT_TARGET = 13.2;
				LD_RUNPATH_SEARCH_PATHS = (
					"$(inherited)",
					"@executable_path/Frameworks",
				);
				LIBRARY_SEARCH_PATHS = (
					"$(inherited)",
					"$(PROJECT_DIR)/EventsApp/ParseUI.framework\\ 3",
					"$(PROJECT_DIR)/EventsApp/ParseUI.framework\\ 3",
				);
				PRODUCT_BUNDLE_IDENTIFIER = "S536846-nwmissouri.edu.EventsApp";
				PRODUCT_NAME = "$(TARGET_NAME)";
				SWIFT_VERSION = 4.0;
				TARGETED_DEVICE_FAMILY = "1,2";
			};
			name = Debug;
		};
		3F662AED2406ED3D00BB7EF0 /* Release */ = {
			isa = XCBuildConfiguration;
			baseConfigurationReference = E54FC099C4B77A84C1952F19 /* Pods-EventsApp.release.xcconfig */;
			buildSettings = {
				ASSETCATALOG_COMPILER_APPICON_NAME = AppIcon;
				CLANG_ALLOW_NON_MODULAR_INCLUDES_IN_FRAMEWORK_MODULES = YES;
				CODE_SIGN_STYLE = Automatic;
				DEVELOPMENT_TEAM = 82FBM4F3DP;
				FRAMEWORK_SEARCH_PATHS = (
					"$(inherited)",
					"$(PROJECT_DIR)/EventsApp",
				);
				INFOPLIST_FILE = EventsApp/Info.plist;
				IPHONEOS_DEPLOYMENT_TARGET = 13.2;
				LD_RUNPATH_SEARCH_PATHS = (
					"$(inherited)",
					"@executable_path/Frameworks",
				);
				LIBRARY_SEARCH_PATHS = (
					"$(inherited)",
					"$(PROJECT_DIR)/EventsApp/ParseUI.framework\\ 3",
					"$(PROJECT_DIR)/EventsApp/ParseUI.framework\\ 3",
				);
				PRODUCT_BUNDLE_IDENTIFIER = "S536846-nwmissouri.edu.EventsApp";
				PRODUCT_NAME = "$(TARGET_NAME)";
				SWIFT_VERSION = 4.0;
				TARGETED_DEVICE_FAMILY = "1,2";
			};
			name = Release;
		};
/* End XCBuildConfiguration section */

/* Begin XCConfigurationList section */
		3F662AD22406ED3800BB7EF0 /* Build configuration list for PBXProject "EventsApp" */ = {
			isa = XCConfigurationList;
			buildConfigurations = (
				3F662AE92406ED3D00BB7EF0 /* Debug */,
				3F662AEA2406ED3D00BB7EF0 /* Release */,
			);
			defaultConfigurationIsVisible = 0;
			defaultConfigurationName = Release;
		};
		3F662AEB2406ED3D00BB7EF0 /* Build configuration list for PBXNativeTarget "EventsApp" */ = {
			isa = XCConfigurationList;
			buildConfigurations = (
				3F662AEC2406ED3D00BB7EF0 /* Debug */,
				3F662AED2406ED3D00BB7EF0 /* Release */,
			);
			defaultConfigurationIsVisible = 0;
			defaultConfigurationName = Release;
		};
/* End XCConfigurationList section */
	};
	rootObject = 3F662ACF2406ED3800BB7EF0 /* Project object */;
}
